
Microsoft Visual Studio Solution File, Format Version 12.00
# Visual Studio Version 16
VisualStudioVersion = 16.0.30523.141
MinimumVisualStudioVersion = 10.0.40219.1
Project("{9A19103F-16F7-4668-BE54-9A1E7A4F7556}") = "WpfPicDB", "WpfPicDB.csproj", "{79A4AF7C-78A7-495F-943A-CFA0940D101A}"
EndProject
Global
	GlobalSection(SolutionConfigurationPlatforms) = preSolution
		Debug|Any CPU = Debug|Any CPU
		Release|Any CPU = Release|Any CPU
	EndGlobalSection
	GlobalSection(ProjectConfigurationPlatforms) = postSolution
		{79A4AF7C-78A7-495F-943A-CFA0940D101A}.Debug|Any CPU.ActiveCfg = Debug|Any CPU
		{79A4AF7C-78A7-495F-943A-CFA0940D101A}.Debug|Any CPU.Build.0 = Debug|Any CPU
		{79A4AF7C-78A7-495F-943A-CFA0940D101A}.Release|Any CPU.ActiveCfg = Release|Any CPU
		{79A4AF7C-78A7-495F-943A-CFA0940D101A}.Release|Any CPU.Build.0 = Release|Any CPU
	EndGlobalSection
	GlobalSection(SolutionProperties) = preSolution
		HideSolutionNode = FALSE
	EndGlobalSection
	GlobalSection(ExtensibilityGlobals) = postSolution
		SolutionGuid = {E523445A-357C-4E1E-895A-CCDABDBF0CC8}
	EndGlobalSection
EndGlobal
